
Microsoft Visual Studio Solution File, Format Version 12.00
# Visual Studio Version 17
VisualStudioVersion = 17.9.34616.47
MinimumVisualStudioVersion = 10.0.40219.1
Project("{8BC9CEB8-8B4A-11D0-8D11-00A0C91BC942}") = "0096_IntoOOP", "0096_IntoOOP\0096_IntoOOP.vcxproj", "{23BFC3CC-C906-4082-A2F6-108405356906}"
EndProject
Global
	GlobalSection(SolutionConfigurationPlatforms) = preSolution
		Debug|x64 = Debug|x64
		Debug|x86 = Debug|x86
		Release|x64 = Release|x64
		Release|x86 = Release|x86
	EndGlobalSection
	GlobalSection(ProjectConfigurationPlatforms) = postSolution
		{23BFC3CC-C906-4082-A2F6-108405356906}.Debug|x64.ActiveCfg = Debug|x64
		{23BFC3CC-C906-4082-A2F6-108405356906}.Debug|x64.Build.0 = Debug|x64
		{23BFC3CC-C906-4082-A2F6-108405356906}.Debug|x86.ActiveCfg = Debug|Win32
		{23BFC3CC-C906-4082-A2F6-108405356906}.Debug|x86.Build.0 = Debug|Win32
		{23BFC3CC-C906-4082-A2F6-108405356906}.Release|x64.ActiveCfg = Release|x64
		{23BFC3CC-C906-4082-A2F6-108405356906}.Release|x64.Build.0 = Release|x64
		{23BFC3CC-C906-4082-A2F6-108405356906}.Release|x86.ActiveCfg = Release|Win32
		{23BFC3CC-C906-4082-A2F6-108405356906}.Release|x86.Build.0 = Release|Win32
	EndGlobalSection
	GlobalSection(SolutionProperties) = preSolution
		HideSolutionNode = FALSE
	EndGlobalSection
	GlobalSection(ExtensibilityGlobals) = postSolution
		SolutionGuid = {CB283C01-E64A-42B1-8E0B-EFDCB193A570}
	EndGlobalSection
EndGlobal
